
Microsoft Visual Studio Solution File, Format Version 12.00
# Visual Studio Version 16
VisualStudioVersion = 16.0.30804.86
MinimumVisualStudioVersion = 10.0.40219.1
Project("{FAE04EC0-301F-11D3-BF4B-00C04F79EFBC}") = "NightInnV2", "NightInnV2.csproj", "{3E55F1D5-0901-4F84-BCFD-10F7F1F48361}"
EndProject
Global
	GlobalSection(SolutionConfigurationPlatforms) = preSolution
		Debug|Any CPU = Debug|Any CPU
		Release|Any CPU = Release|Any CPU
	EndGlobalSection
	GlobalSection(ProjectConfigurationPlatforms) = postSolution
		{3E55F1D5-0901-4F84-BCFD-10F7F1F48361}.Debug|Any CPU.ActiveCfg = Debug|Any CPU
		{3E55F1D5-0901-4F84-BCFD-10F7F1F48361}.Debug|Any CPU.Build.0 = Debug|Any CPU
		{3E55F1D5-0901-4F84-BCFD-10F7F1F48361}.Release|Any CPU.ActiveCfg = Release|Any CPU
		{3E55F1D5-0901-4F84-BCFD-10F7F1F48361}.Release|Any CPU.Build.0 = Release|Any CPU
	EndGlobalSection
	GlobalSection(SolutionProperties) = preSolution
		HideSolutionNode = FALSE
	EndGlobalSection
	GlobalSection(ExtensibilityGlobals) = postSolution
		SolutionGuid = {3F4AA503-214F-409C-927A-FA76BE4876C6}
	EndGlobalSection
EndGlobal
